
Microsoft Visual Studio Solution File, Format Version 12.00
# Visual Studio Version 17
VisualStudioVersion = 17.14.36930.0 d17.14
MinimumVisualStudioVersion = 10.0.40219.1
Project("{FAE04EC0-301F-11D3-BF4B-00C04F79EFBC}") = "ASPDOTNETCookies", "ASPDOTNETCookies\ASPDOTNETCookies.csproj", "{8A3A1022-4A4A-4730-938F-2760B77BC6EC}"
EndProject
Global
	GlobalSection(SolutionConfigurationPlatforms) = preSolution
		Debug|Any CPU = Debug|Any CPU
		Release|Any CPU = Release|Any CPU
	EndGlobalSection
	GlobalSection(ProjectConfigurationPlatforms) = postSolution
		{8A3A1022-4A4A-4730-938F-2760B77BC6EC}.Debug|Any CPU.ActiveCfg = Debug|Any CPU
		{8A3A1022-4A4A-4730-938F-2760B77BC6EC}.Debug|Any CPU.Build.0 = Debug|Any CPU
		{8A3A1022-4A4A-4730-938F-2760B77BC6EC}.Release|Any CPU.ActiveCfg = Release|Any CPU
		{8A3A1022-4A4A-4730-938F-2760B77BC6EC}.Release|Any CPU.Build.0 = Release|Any CPU
	EndGlobalSection
	GlobalSection(SolutionProperties) = preSolution
		HideSolutionNode = FALSE
	EndGlobalSection
	GlobalSection(ExtensibilityGlobals) = postSolution
		SolutionGuid = {0BC3E0DD-E5F8-4B61-8726-5607D9E58C6C}
	EndGlobalSection
EndGlobal
